{
    "easycorp/easyadmin-bundle": {
        "version": "2.0",
        "recipe": {
            "repo": "github.com/symfony/recipes",
            "branch": "master",
            "version": "2.0",
            "ref": "0a51040a43c6f2172a3a0135cd15daf2043905d7"
        },
        "files": [
            "./config/packages/easy_admin.yaml",
            "./config/routes/easy_admin.yaml"
        ]
    },
    "pagerfanta/pagerfanta": {
        "version": "v2.1.3"
    },
    "php": {
        "version": "7.3"
    }
}
